// !$*UTF8*$!
{
	archiveVersion = 1;
	classes = {
	};
	objectVersion = 46;
	objects = {

/* Begin PBXBuildFile section */
		518AA4D91EA5EC87003E1635 /* main.c in Sources */ = {isa = PBXBuildFile; fileRef = 518AA4D81EA5EC87003E1635 /* main.c */; };
		518AA4E21EA5ECA2003E1635 /* cvect.c in Sources */ = {isa = PBXBuildFile; fileRef = 518AA4DF1EA5ECA2003E1635 /* cvect.c */; };
/* End PBXBuildFile section */

/* Begin PBXCopyFilesBuildPhase section */
		518AA4D31EA5EC87003E1635 /* CopyFiles */ = {
			isa = PBXCopyFilesBuildPhase;
			buildActionMask = 2147483647;
			dstPath = /usr/share/man/man1/;
			dstSubfolderSpec = 0;
			files = (
			);
			runOnlyForDeploymentPostprocessing = 1;
		};
/* End PBXCopyFilesBuildPhase section */

/* Begin PBXFileReference section */
		518AA4D51EA5EC87003E1635 /* cvecttester */ = {isa = PBXFileReference; explicitFileType = "compiled.mach-o.executable"; includeInIndex = 0; path = cvecttester; sourceTree = BUILT_PRODUCTS_DIR; };
		518AA4D81EA5EC87003E1635 /* main.c */ = {isa = PBXFileReference; lastKnownFileType = sourcecode.c.c; path = main.c; sourceTree = "<group>"; };
		518AA4DF1EA5ECA2003E1635 /* cvect.c */ = {isa = PBXFileReference; fileEncoding = 4; lastKnownFileType = sourcecode.c.c; name = cvect.c; path = ../../cvect.c; sourceTree = "<group>"; };
		518AA4E01EA5ECA2003E1635 /* cvect.h */ = {isa = PBXFileReference; fileEncoding = 4; lastKnownFileType = sourcecode.c.h; name = cvect.h; path = ../../cvect.h; sourceTree = "<group>"; };
/* End PBXFileReference section */

/* Begin PBXFrameworksBuildPhase section */
		518AA4D21EA5EC87003E1635 /* Frameworks */ = {
			isa = PBXFrameworksBuildPhase;
			buildActionMask = 2147483647;
			files = (
			);
			runOnlyForDeploymentPostprocessing = 0;
		};
/* End PBXFrameworksBuildPhase section */

/* Begin PBXGroup section */
		518AA4CC1EA5EC87003E1635 = {
			isa = PBXGroup;
			children = (
				518AA4D71EA5EC87003E1635 /* cvecttester */,
				518AA4D61EA5EC87003E1635 /* Products */,
			);
			sourceTree = "<group>";
		};
		518AA4D61EA5EC87003E1635 /* Products */ = {
			isa = PBXGroup;
			children = (
				518AA4D51EA5EC87003E1635 /* cvecttester */,
			);
			name = Products;
			sourceTree = "<group>";
		};
		518AA4D71EA5EC87003E1635 /* cvecttester */ = {
			isa = PBXGroup;
			children = (
				518AA4D81EA5EC87003E1635 /* main.c */,
				518AA4DF1EA5ECA2003E1635 /* cvect.c */,
				518AA4E01EA5ECA2003E1635 /* cvect.h */,
			);
			path = cvecttester;
			sourceTree = "<group>";
		};
/* End PBXGroup section */

/* Begin PBXNativeTarget section */
		518AA4D41EA5EC87003E1635 /* cvecttester */ = {
			isa = PBXNativeTarget;
			buildConfigurationList = 518AA4DC1EA5EC87003E1635 /* Build configuration list for PBXNativeTarget "cvecttester" */;
			buildPhases = (
				518AA4D11EA5EC87003E1635 /* Sources */,
				518AA4D21EA5EC87003E1635 /* Frameworks */,
				518AA4D31EA5EC87003E1635 /* CopyFiles */,
			);
			buildRules = (
			);
			dependencies = (
			);
			name = cvecttester;
			productName = cvecttester;
			productReference = 518AA4D51EA5EC87003E1635 /* cvecttester */;
			productType = "com.apple.product-type.tool";
		};
/* End PBXNativeTarget section */

/* Begin PBXProject section */
		518AA4CD1EA5EC87003E1635 /* Project object */ = {
			isa = PBXProject;
			attributes = {
				LastUpgradeCheck = 0820;
				ORGANIZATIONNAME = brazeaulab;
				TargetAttributes = {
					518AA4D41EA5EC87003E1635 = {
						CreatedOnToolsVersion = 8.2.1;
						ProvisioningStyle = Automatic;
					};
				};
			};
			buildConfigurationList = 518AA4D01EA5EC87003E1635 /* Build configuration list for PBXProject "cvecttester" */;
			compatibilityVersion = "Xcode 3.2";
			developmentRegion = English;
			hasScannedForEncodings = 0;
			knownRegions = (
				en,
			);
			mainGroup = 518AA4CC1EA5EC87003E1635;
			productRefGroup = 518AA4D61EA5EC87003E1635 /* Products */;
			projectDirPath = "";
			projectRoot = "";
			targets = (
				518AA4D41EA5EC87003E1635 /* cvecttester */,
			);
		};
/* End PBXProject section */

/* Begin PBXSourcesBuildPhase section */
		518AA4D11EA5EC87003E1635 /* Sources */ = {
			isa = PBXSourcesBuildPhase;
			buildActionMask = 2147483647;
			files = (
				518AA4D91EA5EC87003E1635 /* main.c in Sources */,
				518AA4E21EA5ECA2003E1635 /* cvect.c in Sources */,
			);
			runOnlyForDeploymentPostprocessing = 0;
		};
/* End PBXSourcesBuildPhase section */

/* Begin XCBuildConfiguration section */
		518AA4DA1EA5EC87003E1635 /* Debug */ = {
			isa = XCBuildConfiguration;
			buildSettings = {
				ALWAYS_SEARCH_USER_PATHS = NO;
				CLANG_ANALYZER_NONNULL = YES;
				CLANG_CXX_LANGUAGE_STANDARD = "gnu++0x";
				CLANG_CXX_LIBRARY = "libc++";
				CLANG_ENABLE_MODULES = YES;
				CLANG_ENABLE_OBJC_ARC = YES;
				CLANG_WARN_BOOL_CONVERSION = YES;
				CLANG_WARN_CONSTANT_CONVERSION = YES;
				CLANG_WARN_DIRECT_OBJC_ISA_USAGE = YES_ERROR;
				CLANG_WARN_DOCUMENTATION_COMMENTS = YES;
				CLANG_WARN_EMPTY_BODY = YES;
				CLANG_WARN_ENUM_CONVERSION = YES;
				CLANG_WARN_INFINITE_RECURSION = YES;
				CLANG_WARN_INT_CONVERSION = YES;
				CLANG_WARN_OBJC_ROOT_CLASS = YES_ERROR;
				CLANG_WARN_SUSPICIOUS_MOVE = YES;
				CLANG_WARN_UNREACHABLE_CODE = YES;
				CLANG_WARN__DUPLICATE_METHOD_MATCH = YES;
				CODE_SIGN_IDENTITY = "-";
				COPY_PHASE_STRIP = NO;
				DEBUG_INFORMATION_FORMAT = dwarf;
				ENABLE_STRICT_OBJC_MSGSEND = YES;
				ENABLE_TESTABILITY = YES;
				GCC_C_LANGUAGE_STANDARD = gnu99;
				GCC_DYNAMIC_NO_PIC = NO;
				GCC_NO_COMMON_BLOCKS = YES;
				GCC_OPTIMIZATION_LEVEL = 0;
				GCC_PREPROCESSOR_DEFINITIONS = (
					"DEBUG=1",
					"$(inherited)",
				);
				GCC_WARN_64_TO_32_BIT_CONVERSION = YES;
				GCC_WARN_ABOUT_RETURN_TYPE = YES_ERROR;
				GCC_WARN_UNDECLARED_SELECTOR = YES;
				GCC_WARN_UNINITIALIZED_AUTOS = YES_AGGRESSIVE;
				GCC_WARN_UNUSED_FUNCTION = YES;
				GCC_WARN_UNUSED_VARIABLE = YES;
				MACOSX_DEPLOYMENT_TARGET = 10.11;
				MTL_ENABLE_DEBUG_INFO = YES;
				ONLY_ACTIVE_ARCH = YES;
				SDKROOT = macosx;
			};
			name = Debug;
		};
		518AA4DB1EA5EC87003E1635 /* Release */ = {
			isa = XCBuildConfiguration;
			buildSettings = {
				ALWAYS_SEARCH_USER_PATHS = NO;
				CLANG_ANALYZER_NONNULL = YES;
				CLANG_CXX_LANGUAGE_STANDARD = "gnu++0x";
				CLANG_CXX_LIBRARY = "libc++";
				CLANG_ENABLE_MODULES = YES;
				CLANG_ENABLE_OBJC_ARC = YES;
				CLANG_WARN_BOOL_CONVERSION = YES;
				CLANG_WARN_CONSTANT_CONVERSION = YES;
				CLANG_WARN_DIRECT_OBJC_ISA_USAGE = YES_ERROR;
				CLANG_WARN_DOCUMENTATION_COMMENTS = YES;
				CLANG_WARN_EMPTY_BODY = YES;
				CLANG_WARN_ENUM_CONVERSION = YES;
				CLANG_WARN_INFINITE_RECURSION = YES;
				CLANG_WARN_INT_CONVERSION = YES;
				CLANG_WARN_OBJC_ROOT_CLASS = YES_ERROR;
				CLANG_WARN_SUSPICIOUS_MOVE = YES;
				CLANG_WARN_UNREACHABLE_CODE = YES;
				CLANG_WARN__DUPLICATE_METHOD_MATCH = YES;
				CODE_SIGN_IDENTITY = "-";
				COPY_PHASE_STRIP = NO;
				DEBUG_INFORMATION_FORMAT = "dwarf-with-dsym";
				ENABLE_NS_ASSERTIONS = NO;
				ENABLE_STRICT_OBJC_MSGSEND = YES;
				GCC_C_LANGUAGE_STANDARD = gnu99;
				GCC_NO_COMMON_BLOCKS = YES;
				GCC_WARN_64_TO_32_BIT_CONVERSION = YES;
				GCC_WARN_ABOUT_RETURN_TYPE = YES_ERROR;
				GCC_WARN_UNDECLARED_SELECTOR = YES;
				GCC_WARN_UNINITIALIZED_AUTOS = YES_AGGRESSIVE;
				GCC_WARN_UNUSED_FUNCTION = YES;
				GCC_WARN_UNUSED_VARIABLE = YES;
				MACOSX_DEPLOYMENT_TARGET = 10.11;
				MTL_ENABLE_DEBUG_INFO = NO;
				SDKROOT = macosx;
			};
			name = Release;
		};
		518AA4DD1EA5EC87003E1635 /* Debug */ = {
			isa = XCBuildConfiguration;
			buildSettings = {
				PRODUCT_NAME = "$(TARGET_NAME)";
			};
			name = Debug;
		};
		518AA4DE1EA5EC87003E1635 /* Release */ = {
			isa = XCBuildConfiguration;
			buildSettings = {
				PRODUCT_NAME = "$(TARGET_NAME)";
			};
			name = Release;
		};
/* End XCBuildConfiguration section */

/* Begin XCConfigurationList section */
		518AA4D01EA5EC87003E1635 /* Build configuration list for PBXProject "cvecttester" */ = {
			isa = XCConfigurationList;
			buildConfigurations = (
				518AA4DA1EA5EC87003E1635 /* Debug */,
				518AA4DB1EA5EC87003E1635 /* Release */,
			);
			defaultConfigurationIsVisible = 0;
			defaultConfigurationName = Release;
		};
		518AA4DC1EA5EC87003E1635 /* Build configuration list for PBXNativeTarget "cvecttester" */ = {
			isa = XCConfigurationList;
			buildConfigurations = (
				518AA4DD1EA5EC87003E1635 /* Debug */,
				518AA4DE1EA5EC87003E1635 /* Release */,
			);
			defaultConfigurationIsVisible = 0;
		};
/* End XCConfigurationList section */
	};
	rootObject = 518AA4CD1EA5EC87003E1635 /* Project object */;
}
