// !$*UTF8*$!
{
	archiveVersion = 1;
	classes = {
	};
	objectVersion = 46;
	objects = {

/* Begin PBXBuildFile section */
		5126C8C21E75837800E13026 /* cvect.c in Sources */ = {isa = PBXBuildFile; fileRef = 5126C8C01E75837800E13026 /* cvect.c */; };
		5126C8C31E75837800E13026 /* cvect.h in Headers */ = {isa = PBXBuildFile; fileRef = 5126C8C11E75837800E13026 /* cvect.h */; };
		51AD1C5F1F0B740700A603B8 /* main.c in Sources */ = {isa = PBXBuildFile; fileRef = 51AD1C5E1F0B740700A603B8 /* main.c */; };
		51AD1C631F0B755800A603B8 /* cvect.c in Sources */ = {isa = PBXBuildFile; fileRef = 5126C8C01E75837800E13026 /* cvect.c */; };
/* End PBXBuildFile section */

/* Begin PBXCopyFilesBuildPhase section */
		51AD1C5A1F0B740700A603B8 /* CopyFiles */ = {
			isa = PBXCopyFilesBuildPhase;
			buildActionMask = 2147483647;
			dstPath = /usr/share/man/man1/;
			dstSubfolderSpec = 0;
			files = (
			);
			runOnlyForDeploymentPostprocessing = 1;
		};
/* End PBXCopyFilesBuildPhase section */

/* Begin PBXFileReference section */
		5126C8B91E75834B00E13026 /* libcvectors.dylib */ = {isa = PBXFileReference; explicitFileType = "compiled.mach-o.dylib"; includeInIndex = 0; path = libcvectors.dylib; sourceTree = BUILT_PRODUCTS_DIR; };
		5126C8C01E75837800E13026 /* cvect.c */ = {isa = PBXFileReference; fileEncoding = 4; lastKnownFileType = sourcecode.c.c; path = cvect.c; sourceTree = "<group>"; };
		5126C8C11E75837800E13026 /* cvect.h */ = {isa = PBXFileReference; fileEncoding = 4; lastKnownFileType = sourcecode.c.h; path = cvect.h; sourceTree = "<group>"; };
		51AD1C5C1F0B740700A603B8 /* unittester */ = {isa = PBXFileReference; explicitFileType = "compiled.mach-o.executable"; includeInIndex = 0; path = unittester; sourceTree = BUILT_PRODUCTS_DIR; };
		51AD1C5E1F0B740700A603B8 /* main.c */ = {isa = PBXFileReference; lastKnownFileType = sourcecode.c.c; path = main.c; sourceTree = "<group>"; };
/* End PBXFileReference section */

/* Begin PBXFrameworksBuildPhase section */
		5126C8B61E75834B00E13026 /* Frameworks */ = {
			isa = PBXFrameworksBuildPhase;
			buildActionMask = 2147483647;
			files = (
			);
			runOnlyForDeploymentPostprocessing = 0;
		};
		51AD1C591F0B740700A603B8 /* Frameworks */ = {
			isa = PBXFrameworksBuildPhase;
			buildActionMask = 2147483647;
			files = (
			);
			runOnlyForDeploymentPostprocessing = 0;
		};
/* End PBXFrameworksBuildPhase section */

/* Begin PBXGroup section */
		5126C8B01E75834B00E13026 = {
			isa = PBXGroup;
			children = (
				5126C8C01E75837800E13026 /* cvect.c */,
				5126C8C11E75837800E13026 /* cvect.h */,
				51AD1C5D1F0B740700A603B8 /* unittester */,
				5126C8BA1E75834B00E13026 /* Products */,
			);
			sourceTree = "<group>";
		};
		5126C8BA1E75834B00E13026 /* Products */ = {
			isa = PBXGroup;
			children = (
				5126C8B91E75834B00E13026 /* libcvectors.dylib */,
				51AD1C5C1F0B740700A603B8 /* unittester */,
			);
			name = Products;
			sourceTree = "<group>";
		};
		51AD1C5D1F0B740700A603B8 /* unittester */ = {
			isa = PBXGroup;
			children = (
				51AD1C5E1F0B740700A603B8 /* main.c */,
			);
			path = unittester;
			sourceTree = "<group>";
		};
/* End PBXGroup section */

/* Begin PBXHeadersBuildPhase section */
		5126C8B71E75834B00E13026 /* Headers */ = {
			isa = PBXHeadersBuildPhase;
			buildActionMask = 2147483647;
			files = (
				5126C8C31E75837800E13026 /* cvect.h in Headers */,
			);
			runOnlyForDeploymentPostprocessing = 0;
		};
/* End PBXHeadersBuildPhase section */

/* Begin PBXNativeTarget section */
		5126C8B81E75834B00E13026 /* cvectors */ = {
			isa = PBXNativeTarget;
			buildConfigurationList = 5126C8BD1E75834B00E13026 /* Build configuration list for PBXNativeTarget "cvectors" */;
			buildPhases = (
				5126C8B51E75834B00E13026 /* Sources */,
				5126C8B61E75834B00E13026 /* Frameworks */,
				5126C8B71E75834B00E13026 /* Headers */,
			);
			buildRules = (
			);
			dependencies = (
			);
			name = cvectors;
			productName = cvectors;
			productReference = 5126C8B91E75834B00E13026 /* libcvectors.dylib */;
			productType = "com.apple.product-type.library.dynamic";
		};
		51AD1C5B1F0B740700A603B8 /* unittester */ = {
			isa = PBXNativeTarget;
			buildConfigurationList = 51AD1C621F0B740700A603B8 /* Build configuration list for PBXNativeTarget "unittester" */;
			buildPhases = (
				51AD1C581F0B740700A603B8 /* Sources */,
				51AD1C591F0B740700A603B8 /* Frameworks */,
				51AD1C5A1F0B740700A603B8 /* CopyFiles */,
			);
			buildRules = (
			);
			dependencies = (
			);
			name = unittester;
			productName = unittester;
			productReference = 51AD1C5C1F0B740700A603B8 /* unittester */;
			productType = "com.apple.product-type.tool";
		};
/* End PBXNativeTarget section */

/* Begin PBXProject section */
		5126C8B11E75834B00E13026 /* Project object */ = {
			isa = PBXProject;
			attributes = {
				LastUpgradeCheck = 0820;
				ORGANIZATIONNAME = brazeaulab;
				TargetAttributes = {
					5126C8B81E75834B00E13026 = {
						CreatedOnToolsVersion = 8.2.1;
						ProvisioningStyle = Automatic;
					};
					51AD1C5B1F0B740700A603B8 = {
						CreatedOnToolsVersion = 8.2.1;
						ProvisioningStyle = Automatic;
					};
				};
			};
			buildConfigurationList = 5126C8B41E75834B00E13026 /* Build configuration list for PBXProject "cvectors" */;
			compatibilityVersion = "Xcode 3.2";
			developmentRegion = English;
			hasScannedForEncodings = 0;
			knownRegions = (
				en,
			);
			mainGroup = 5126C8B01E75834B00E13026;
			productRefGroup = 5126C8BA1E75834B00E13026 /* Products */;
			projectDirPath = "";
			projectRoot = "";
			targets = (
				5126C8B81E75834B00E13026 /* cvectors */,
				51AD1C5B1F0B740700A603B8 /* unittester */,
			);
		};
/* End PBXProject section */

/* Begin PBXSourcesBuildPhase section */
		5126C8B51E75834B00E13026 /* Sources */ = {
			isa = PBXSourcesBuildPhase;
			buildActionMask = 2147483647;
			files = (
				5126C8C21E75837800E13026 /* cvect.c in Sources */,
			);
			runOnlyForDeploymentPostprocessing = 0;
		};
		51AD1C581F0B740700A603B8 /* Sources */ = {
			isa = PBXSourcesBuildPhase;
			buildActionMask = 2147483647;
			files = (
				51AD1C631F0B755800A603B8 /* cvect.c in Sources */,
				51AD1C5F1F0B740700A603B8 /* main.c in Sources */,
			);
			runOnlyForDeploymentPostprocessing = 0;
		};
/* End PBXSourcesBuildPhase section */

/* Begin XCBuildConfiguration section */
		5126C8BB1E75834B00E13026 /* Debug */ = {
			isa = XCBuildConfiguration;
			buildSettings = {
				ALWAYS_SEARCH_USER_PATHS = NO;
				CLANG_ANALYZER_NONNULL = YES;
				CLANG_CXX_LANGUAGE_STANDARD = "gnu++0x";
				CLANG_CXX_LIBRARY = "libc++";
				CLANG_ENABLE_MODULES = YES;
				CLANG_ENABLE_OBJC_ARC = YES;
				CLANG_WARN_BOOL_CONVERSION = YES;
				CLANG_WARN_CONSTANT_CONVERSION = YES;
				CLANG_WARN_DIRECT_OBJC_ISA_USAGE = YES_ERROR;
				CLANG_WARN_DOCUMENTATION_COMMENTS = YES;
				CLANG_WARN_EMPTY_BODY = YES;
				CLANG_WARN_ENUM_CONVERSION = YES;
				CLANG_WARN_INFINITE_RECURSION = YES;
				CLANG_WARN_INT_CONVERSION = YES;
				CLANG_WARN_OBJC_ROOT_CLASS = YES_ERROR;
				CLANG_WARN_SUSPICIOUS_MOVE = YES;
				CLANG_WARN_UNREACHABLE_CODE = YES;
				CLANG_WARN__DUPLICATE_METHOD_MATCH = YES;
				CODE_SIGN_IDENTITY = "-";
				COPY_PHASE_STRIP = NO;
				DEBUG_INFORMATION_FORMAT = dwarf;
				ENABLE_STRICT_OBJC_MSGSEND = YES;
				ENABLE_TESTABILITY = YES;
				GCC_C_LANGUAGE_STANDARD = gnu99;
				GCC_DYNAMIC_NO_PIC = NO;
				GCC_NO_COMMON_BLOCKS = YES;
				GCC_OPTIMIZATION_LEVEL = 0;
				GCC_PREPROCESSOR_DEFINITIONS = (
					"DEBUG=1",
					"$(inherited)",
				);
				GCC_WARN_64_TO_32_BIT_CONVERSION = YES;
				GCC_WARN_ABOUT_RETURN_TYPE = YES_ERROR;
				GCC_WARN_UNDECLARED_SELECTOR = YES;
				GCC_WARN_UNINITIALIZED_AUTOS = YES_AGGRESSIVE;
				GCC_WARN_UNUSED_FUNCTION = YES;
				GCC_WARN_UNUSED_VARIABLE = YES;
				MACOSX_DEPLOYMENT_TARGET = 10.11;
				MTL_ENABLE_DEBUG_INFO = YES;
				ONLY_ACTIVE_ARCH = YES;
				SDKROOT = macosx;
			};
			name = Debug;
		};
		5126C8BC1E75834B00E13026 /* Release */ = {
			isa = XCBuildConfiguration;
			buildSettings = {
				ALWAYS_SEARCH_USER_PATHS = NO;
				CLANG_ANALYZER_NONNULL = YES;
				CLANG_CXX_LANGUAGE_STANDARD = "gnu++0x";
				CLANG_CXX_LIBRARY = "libc++";
				CLANG_ENABLE_MODULES = YES;
				CLANG_ENABLE_OBJC_ARC = YES;
				CLANG_WARN_BOOL_CONVERSION = YES;
				CLANG_WARN_CONSTANT_CONVERSION = YES;
				CLANG_WARN_DIRECT_OBJC_ISA_USAGE = YES_ERROR;
				CLANG_WARN_DOCUMENTATION_COMMENTS = YES;
				CLANG_WARN_EMPTY_BODY = YES;
				CLANG_WARN_ENUM_CONVERSION = YES;
				CLANG_WARN_INFINITE_RECURSION = YES;
				CLANG_WARN_INT_CONVERSION = YES;
				CLANG_WARN_OBJC_ROOT_CLASS = YES_ERROR;
				CLANG_WARN_SUSPICIOUS_MOVE = YES;
				CLANG_WARN_UNREACHABLE_CODE = YES;
				CLANG_WARN__DUPLICATE_METHOD_MATCH = YES;
				CODE_SIGN_IDENTITY = "-";
				COPY_PHASE_STRIP = NO;
				DEBUG_INFORMATION_FORMAT = "dwarf-with-dsym";
				ENABLE_NS_ASSERTIONS = NO;
				ENABLE_STRICT_OBJC_MSGSEND = YES;
				GCC_C_LANGUAGE_STANDARD = gnu99;
				GCC_NO_COMMON_BLOCKS = YES;
				GCC_WARN_64_TO_32_BIT_CONVERSION = YES;
				GCC_WARN_ABOUT_RETURN_TYPE = YES_ERROR;
				GCC_WARN_UNDECLARED_SELECTOR = YES;
				GCC_WARN_UNINITIALIZED_AUTOS = YES_AGGRESSIVE;
				GCC_WARN_UNUSED_FUNCTION = YES;
				GCC_WARN_UNUSED_VARIABLE = YES;
				MACOSX_DEPLOYMENT_TARGET = 10.11;
				MTL_ENABLE_DEBUG_INFO = NO;
				SDKROOT = macosx;
			};
			name = Release;
		};
		5126C8BE1E75834B00E13026 /* Debug */ = {
			isa = XCBuildConfiguration;
			buildSettings = {
				DYLIB_COMPATIBILITY_VERSION = 1;
				DYLIB_CURRENT_VERSION = 1;
				EXECUTABLE_PREFIX = lib;
				PRODUCT_NAME = "$(TARGET_NAME)";
			};
			name = Debug;
		};
		5126C8BF1E75834B00E13026 /* Release */ = {
			isa = XCBuildConfiguration;
			buildSettings = {
				DYLIB_COMPATIBILITY_VERSION = 1;
				DYLIB_CURRENT_VERSION = 1;
				EXECUTABLE_PREFIX = lib;
				PRODUCT_NAME = "$(TARGET_NAME)";
			};
			name = Release;
		};
		51AD1C601F0B740700A603B8 /* Debug */ = {
			isa = XCBuildConfiguration;
			buildSettings = {
				MACOSX_DEPLOYMENT_TARGET = 10.12;
				PRODUCT_NAME = "$(TARGET_NAME)";
			};
			name = Debug;
		};
		51AD1C611F0B740700A603B8 /* Release */ = {
			isa = XCBuildConfiguration;
			buildSettings = {
				MACOSX_DEPLOYMENT_TARGET = 10.12;
				PRODUCT_NAME = "$(TARGET_NAME)";
			};
			name = Release;
		};
/* End XCBuildConfiguration section */

/* Begin XCConfigurationList section */
		5126C8B41E75834B00E13026 /* Build configuration list for PBXProject "cvectors" */ = {
			isa = XCConfigurationList;
			buildConfigurations = (
				5126C8BB1E75834B00E13026 /* Debug */,
				5126C8BC1E75834B00E13026 /* Release */,
			);
			defaultConfigurationIsVisible = 0;
			defaultConfigurationName = Release;
		};
		5126C8BD1E75834B00E13026 /* Build configuration list for PBXNativeTarget "cvectors" */ = {
			isa = XCConfigurationList;
			buildConfigurations = (
				5126C8BE1E75834B00E13026 /* Debug */,
				5126C8BF1E75834B00E13026 /* Release */,
			);
			defaultConfigurationIsVisible = 0;
			defaultConfigurationName = Release;
		};
		51AD1C621F0B740700A603B8 /* Build configuration list for PBXNativeTarget "unittester" */ = {
			isa = XCConfigurationList;
			buildConfigurations = (
				51AD1C601F0B740700A603B8 /* Debug */,
				51AD1C611F0B740700A603B8 /* Release */,
			);
			defaultConfigurationIsVisible = 0;
		};
/* End XCConfigurationList section */
	};
	rootObject = 5126C8B11E75834B00E13026 /* Project object */;
}
